
Microsoft Visual Studio Solution File, Format Version 12.00
# Visual Studio Version 16
VisualStudioVersion = 16.0.31129.286
MinimumVisualStudioVersion = 10.0.40219.1
Project("{9A19103F-16F7-4668-BE54-9A1E7A4F7556}") = "Coders of the Caribbean", "Coders of the Caribbean\Coders of the Caribbean.csproj", "{184297A7-E0CF-4A7F-A7EB-6977CBC6DD40}"
EndProject
Project("{9A19103F-16F7-4668-BE54-9A1E7A4F7556}") = "Wood3", "Wood3\Wood3.csproj", "{5060E050-270D-4B4E-BF6D-F9DD8ED35F60}"
EndProject
Project("{FAE04EC0-301F-11D3-BF4B-00C04F79EFBC}") = "TestProject1", "TestProject1\TestProject1.csproj", "{48A9E2C8-02AA-48AA-BF14-14887408F82F}"
EndProject
Global
	GlobalSection(SolutionConfigurationPlatforms) = preSolution
		Debug|Any CPU = Debug|Any CPU
		Release|Any CPU = Release|Any CPU
	EndGlobalSection
	GlobalSection(ProjectConfigurationPlatforms) = postSolution
		{184297A7-E0CF-4A7F-A7EB-6977CBC6DD40}.Debug|Any CPU.ActiveCfg = Debug|Any CPU
		{184297A7-E0CF-4A7F-A7EB-6977CBC6DD40}.Debug|Any CPU.Build.0 = Debug|Any CPU
		{184297A7-E0CF-4A7F-A7EB-6977CBC6DD40}.Release|Any CPU.ActiveCfg = Release|Any CPU
		{184297A7-E0CF-4A7F-A7EB-6977CBC6DD40}.Release|Any CPU.Build.0 = Release|Any CPU
		{5060E050-270D-4B4E-BF6D-F9DD8ED35F60}.Debug|Any CPU.ActiveCfg = Debug|Any CPU
		{5060E050-270D-4B4E-BF6D-F9DD8ED35F60}.Debug|Any CPU.Build.0 = Debug|Any CPU
		{5060E050-270D-4B4E-BF6D-F9DD8ED35F60}.Release|Any CPU.ActiveCfg = Release|Any CPU
		{5060E050-270D-4B4E-BF6D-F9DD8ED35F60}.Release|Any CPU.Build.0 = Release|Any CPU
		{48A9E2C8-02AA-48AA-BF14-14887408F82F}.Debug|Any CPU.ActiveCfg = Debug|Any CPU
		{48A9E2C8-02AA-48AA-BF14-14887408F82F}.Debug|Any CPU.Build.0 = Debug|Any CPU
		{48A9E2C8-02AA-48AA-BF14-14887408F82F}.Release|Any CPU.ActiveCfg = Release|Any CPU
		{48A9E2C8-02AA-48AA-BF14-14887408F82F}.Release|Any CPU.Build.0 = Release|Any CPU
	EndGlobalSection
	GlobalSection(SolutionProperties) = preSolution
		HideSolutionNode = FALSE
	EndGlobalSection
	GlobalSection(ExtensibilityGlobals) = postSolution
		SolutionGuid = {FDA96D5F-2087-448A-B555-9BA2FA5F70E3}
	EndGlobalSection
EndGlobal
